
Microsoft Visual Studio Solution File, Format Version 12.00
# Visual Studio Version 17
VisualStudioVersion = 17.13.35931.197
MinimumVisualStudioVersion = 10.0.40219.1
Project("{FAE04EC0-301F-11D3-BF4B-00C04F79EFBC}") = "WatermarkingAPI", "WatermarkingAPI\WatermarkingAPI.csproj", "{4807EA65-1B6E-4F16-A2F0-DD72FD188A86}"
EndProject
Project("{FAE04EC0-301F-11D3-BF4B-00C04F79EFBC}") = "WatermarkingAPI.Tests", "WatermarkingAPI.Tests\WatermarkingAPI.Tests.csproj", "{224C8192-A0D4-4989-B400-5A059932B21A}"
EndProject
Global
	GlobalSection(SolutionConfigurationPlatforms) = preSolution
		Debug|Any CPU = Debug|Any CPU
		Debug|x64 = Debug|x64
		Debug|x86 = Debug|x86
		Release|Any CPU = Release|Any CPU
		Release|x64 = Release|x64
		Release|x86 = Release|x86
	EndGlobalSection
	GlobalSection(ProjectConfigurationPlatforms) = postSolution
		{4807EA65-1B6E-4F16-A2F0-DD72FD188A86}.Debug|Any CPU.ActiveCfg = Debug|Any CPU
		{4807EA65-1B6E-4F16-A2F0-DD72FD188A86}.Debug|Any CPU.Build.0 = Debug|Any CPU
		{4807EA65-1B6E-4F16-A2F0-DD72FD188A86}.Debug|x64.ActiveCfg = Debug|Any CPU
		{4807EA65-1B6E-4F16-A2F0-DD72FD188A86}.Debug|x64.Build.0 = Debug|Any CPU
		{4807EA65-1B6E-4F16-A2F0-DD72FD188A86}.Debug|x86.ActiveCfg = Debug|Any CPU
		{4807EA65-1B6E-4F16-A2F0-DD72FD188A86}.Debug|x86.Build.0 = Debug|Any CPU
		{4807EA65-1B6E-4F16-A2F0-DD72FD188A86}.Release|Any CPU.ActiveCfg = Release|Any CPU
		{4807EA65-1B6E-4F16-A2F0-DD72FD188A86}.Release|Any CPU.Build.0 = Release|Any CPU
		{4807EA65-1B6E-4F16-A2F0-DD72FD188A86}.Release|x64.ActiveCfg = Release|Any CPU
		{4807EA65-1B6E-4F16-A2F0-DD72FD188A86}.Release|x64.Build.0 = Release|Any CPU
		{4807EA65-1B6E-4F16-A2F0-DD72FD188A86}.Release|x86.ActiveCfg = Release|Any CPU
		{4807EA65-1B6E-4F16-A2F0-DD72FD188A86}.Release|x86.Build.0 = Release|Any CPU
		{224C8192-A0D4-4989-B400-5A059932B21A}.Debug|Any CPU.ActiveCfg = Debug|Any CPU
		{224C8192-A0D4-4989-B400-5A059932B21A}.Debug|Any CPU.Build.0 = Debug|Any CPU
		{224C8192-A0D4-4989-B400-5A059932B21A}.Debug|x64.ActiveCfg = Debug|Any CPU
		{224C8192-A0D4-4989-B400-5A059932B21A}.Debug|x64.Build.0 = Debug|Any CPU
		{224C8192-A0D4-4989-B400-5A059932B21A}.Debug|x86.ActiveCfg = Debug|Any CPU
		{224C8192-A0D4-4989-B400-5A059932B21A}.Debug|x86.Build.0 = Debug|Any CPU
		{224C8192-A0D4-4989-B400-5A059932B21A}.Release|Any CPU.ActiveCfg = Release|Any CPU
		{224C8192-A0D4-4989-B400-5A059932B21A}.Release|Any CPU.Build.0 = Release|Any CPU
		{224C8192-A0D4-4989-B400-5A059932B21A}.Release|x64.ActiveCfg = Release|Any CPU
		{224C8192-A0D4-4989-B400-5A059932B21A}.Release|x64.Build.0 = Release|Any CPU
		{224C8192-A0D4-4989-B400-5A059932B21A}.Release|x86.ActiveCfg = Release|Any CPU
		{224C8192-A0D4-4989-B400-5A059932B21A}.Release|x86.Build.0 = Release|Any CPU
	EndGlobalSection
	GlobalSection(SolutionProperties) = preSolution
		HideSolutionNode = FALSE
	EndGlobalSection
	GlobalSection(ExtensibilityGlobals) = postSolution
		SolutionGuid = {FA69B377-3119-4570-B934-32CF054DD9C6}
	EndGlobalSection
EndGlobal
